
Microsoft Visual Studio Solution File, Format Version 12.00
Project("{FAE04EC0-301F-11D3-BF4B-00C04F79EFBC}") = "TestKaspersky", "TestKaspersky\TestKaspersky.csproj", "{55689FA1-70B4-4F5B-B8F9-01F996182FBF}"
EndProject
Global
	GlobalSection(SolutionConfigurationPlatforms) = preSolution
		Debug|Any CPU = Debug|Any CPU
		Release|Any CPU = Release|Any CPU
	EndGlobalSection
	GlobalSection(ProjectConfigurationPlatforms) = postSolution
		{55689FA1-70B4-4F5B-B8F9-01F996182FBF}.Debug|Any CPU.ActiveCfg = Debug|Any CPU
		{55689FA1-70B4-4F5B-B8F9-01F996182FBF}.Debug|Any CPU.Build.0 = Debug|Any CPU
		{55689FA1-70B4-4F5B-B8F9-01F996182FBF}.Release|Any CPU.ActiveCfg = Release|Any CPU
		{55689FA1-70B4-4F5B-B8F9-01F996182FBF}.Release|Any CPU.Build.0 = Release|Any CPU
	EndGlobalSection
EndGlobal
